
Microsoft Visual Studio Solution File, Format Version 12.00
# Visual Studio Version 16
VisualStudioVersion = 16.0.30225.117
MinimumVisualStudioVersion = 10.0.40219.1
Project("{FAE04EC0-301F-11D3-BF4B-00C04F79EFBC}") = "Xadrez", "Xadrez\Xadrez.csproj", "{6A0B4FE0-DE7C-4E1D-9980-6C795CAFCEAE}"
EndProject
Global
	GlobalSection(SolutionConfigurationPlatforms) = preSolution
		Debug|Any CPU = Debug|Any CPU
		Release|Any CPU = Release|Any CPU
	EndGlobalSection
	GlobalSection(ProjectConfigurationPlatforms) = postSolution
		{6A0B4FE0-DE7C-4E1D-9980-6C795CAFCEAE}.Debug|Any CPU.ActiveCfg = Debug|Any CPU
		{6A0B4FE0-DE7C-4E1D-9980-6C795CAFCEAE}.Debug|Any CPU.Build.0 = Debug|Any CPU
		{6A0B4FE0-DE7C-4E1D-9980-6C795CAFCEAE}.Release|Any CPU.ActiveCfg = Release|Any CPU
		{6A0B4FE0-DE7C-4E1D-9980-6C795CAFCEAE}.Release|Any CPU.Build.0 = Release|Any CPU
	EndGlobalSection
	GlobalSection(SolutionProperties) = preSolution
		HideSolutionNode = FALSE
	EndGlobalSection
	GlobalSection(ExtensibilityGlobals) = postSolution
		SolutionGuid = {C985A029-AA8F-4492-B7C2-B77436751183}
	EndGlobalSection
EndGlobal
